// !$*UTF8*$!
{
	archiveVersion = 1;
	classes = {
	};
	objectVersion = 55;
	objects = {

/* Begin PBXBuildFile section */
		838802A80E82850C594BD6B1 /* Pods_ONG_SomosMas.framework in Frameworks */ = {isa = PBXBuildFile; fileRef = 4393792DA5E98B4FAE5C09F8 /* Pods_ONG_SomosMas.framework */; };
		862F5609285BB979002E7CDC /* ContactoViewController.swift in Sources */ = {isa = PBXBuildFile; fileRef = 862F5608285BB979002E7CDC /* ContactoViewController.swift */; };
		862F560B285BBBA2002E7CDC /* WelcomePageViewController.swift in Sources */ = {isa = PBXBuildFile; fileRef = 862F560A285BBBA2002E7CDC /* WelcomePageViewController.swift */; };
		86598088285CCC8E00D30573 /* LoginViewController.swift in Sources */ = {isa = PBXBuildFile; fileRef = 86598087285CCC8E00D30573 /* LoginViewController.swift */; };
		8659808A285CCD7400D30573 /* DatumResponse.swift in Sources */ = {isa = PBXBuildFile; fileRef = 86598089285CCD7400D30573 /* DatumResponse.swift */; };
		8659808C285CCD8F00D30573 /* TestimonialsResponse.swift in Sources */ = {isa = PBXBuildFile; fileRef = 8659808B285CCD8F00D30573 /* TestimonialsResponse.swift */; };
		8659808E285CCDAA00D30573 /* NewsResponse.swift in Sources */ = {isa = PBXBuildFile; fileRef = 8659808D285CCDA900D30573 /* NewsResponse.swift */; };
		86598090285CCDC300D30573 /* DatumNewsResponse.swift in Sources */ = {isa = PBXBuildFile; fileRef = 8659808F285CCDC300D30573 /* DatumNewsResponse.swift */; };
		86598092285CCF1A00D30573 /* TestimonialsViewController.swift in Sources */ = {isa = PBXBuildFile; fileRef = 86598091285CCF1A00D30573 /* TestimonialsViewController.swift */; };
		8666831F285E253D00B97D9B /* TestimonialsTableViewCell.swift in Sources */ = {isa = PBXBuildFile; fileRef = 8666831E285E253D00B97D9B /* TestimonialsTableViewCell.swift */; };
		86668321285E294700B97D9B /* Testimonial.swift in Sources */ = {isa = PBXBuildFile; fileRef = 86668320285E294700B97D9B /* Testimonial.swift */; };
		86668323285E5C1C00B97D9B /* StaffViewController.swift in Sources */ = {isa = PBXBuildFile; fileRef = 86668322285E5C1C00B97D9B /* StaffViewController.swift */; };
		86BA8916285A930200323B8C /* AppDelegate.swift in Sources */ = {isa = PBXBuildFile; fileRef = 86BA8915285A930200323B8C /* AppDelegate.swift */; };
		86BA8918285A930200323B8C /* SceneDelegate.swift in Sources */ = {isa = PBXBuildFile; fileRef = 86BA8917285A930200323B8C /* SceneDelegate.swift */; };
		86BA891A285A930200323B8C /* ViewController.swift in Sources */ = {isa = PBXBuildFile; fileRef = 86BA8919285A930200323B8C /* ViewController.swift */; };
		86BA891D285A930200323B8C /* Main.storyboard in Resources */ = {isa = PBXBuildFile; fileRef = 86BA891B285A930200323B8C /* Main.storyboard */; };
		86BA891F285A930400323B8C /* Assets.xcassets in Resources */ = {isa = PBXBuildFile; fileRef = 86BA891E285A930400323B8C /* Assets.xcassets */; };
		86BA8922285A930400323B8C /* LaunchScreen.storyboard in Resources */ = {isa = PBXBuildFile; fileRef = 86BA8920285A930400323B8C /* LaunchScreen.storyboard */; };
		86CE622E285BDE7B00E7D48B /* RegisterViewController.swift in Sources */ = {isa = PBXBuildFile; fileRef = 86CE622D285BDE7B00E7D48B /* RegisterViewController.swift */; };
		86D73741285A95F500D03423 /* ONGServiceAPIRest.swift in Sources */ = {isa = PBXBuildFile; fileRef = 86D73740285A95F500D03423 /* ONGServiceAPIRest.swift */; };
		86D73743285A965300D03423 /* DataClassResponse.swift in Sources */ = {isa = PBXBuildFile; fileRef = 86D73742285A965300D03423 /* DataClassResponse.swift */; };
		86D73745285A968A00D03423 /* ErrorsResponse.swift in Sources */ = {isa = PBXBuildFile; fileRef = 86D73744285A968A00D03423 /* ErrorsResponse.swift */; };
		86D73747285A96B000D03423 /* RegistryResponse.swift in Sources */ = {isa = PBXBuildFile; fileRef = 86D73746285A96B000D03423 /* RegistryResponse.swift */; };
		86D73749285A96D200D03423 /* UserResponse.swift in Sources */ = {isa = PBXBuildFile; fileRef = 86D73748285A96D200D03423 /* UserResponse.swift */; };
/* End PBXBuildFile section */

/* Begin PBXFileReference section */
		4393792DA5E98B4FAE5C09F8 /* Pods_ONG_SomosMas.framework */ = {isa = PBXFileReference; explicitFileType = wrapper.framework; includeInIndex = 0; path = Pods_ONG_SomosMas.framework; sourceTree = BUILT_PRODUCTS_DIR; };
		5C33546CC3503DC4B46E4F89 /* Pods-ONG-SomosMas.debug.xcconfig */ = {isa = PBXFileReference; includeInIndex = 1; lastKnownFileType = text.xcconfig; name = "Pods-ONG-SomosMas.debug.xcconfig"; path = "Target Support Files/Pods-ONG-SomosMas/Pods-ONG-SomosMas.debug.xcconfig"; sourceTree = "<group>"; };
		862F5608285BB979002E7CDC /* ContactoViewController.swift */ = {isa = PBXFileReference; lastKnownFileType = sourcecode.swift; path = ContactoViewController.swift; sourceTree = "<group>"; };
		862F560A285BBBA2002E7CDC /* WelcomePageViewController.swift */ = {isa = PBXFileReference; lastKnownFileType = sourcecode.swift; path = WelcomePageViewController.swift; sourceTree = "<group>"; };
		86598087285CCC8E00D30573 /* LoginViewController.swift */ = {isa = PBXFileReference; lastKnownFileType = sourcecode.swift; path = LoginViewController.swift; sourceTree = "<group>"; };
		86598089285CCD7400D30573 /* DatumResponse.swift */ = {isa = PBXFileReference; lastKnownFileType = sourcecode.swift; path = DatumResponse.swift; sourceTree = "<group>"; };
		8659808B285CCD8F00D30573 /* TestimonialsResponse.swift */ = {isa = PBXFileReference; lastKnownFileType = sourcecode.swift; path = TestimonialsResponse.swift; sourceTree = "<group>"; };
		8659808D285CCDA900D30573 /* NewsResponse.swift */ = {isa = PBXFileReference; lastKnownFileType = sourcecode.swift; path = NewsResponse.swift; sourceTree = "<group>"; };
		8659808F285CCDC300D30573 /* DatumNewsResponse.swift */ = {isa = PBXFileReference; lastKnownFileType = sourcecode.swift; path = DatumNewsResponse.swift; sourceTree = "<group>"; };
		86598091285CCF1A00D30573 /* TestimonialsViewController.swift */ = {isa = PBXFileReference; lastKnownFileType = sourcecode.swift; path = TestimonialsViewController.swift; sourceTree = "<group>"; };
		8666831E285E253D00B97D9B /* TestimonialsTableViewCell.swift */ = {isa = PBXFileReference; lastKnownFileType = sourcecode.swift; name = TestimonialsTableViewCell.swift; path = "ONG-SomosMas/UI/TestimonialsTableViewCell.swift"; sourceTree = SOURCE_ROOT; };
		86668320285E294700B97D9B /* Testimonial.swift */ = {isa = PBXFileReference; lastKnownFileType = sourcecode.swift; name = Testimonial.swift; path = "ONG-SomosMas/Model/Testimonial.swift"; sourceTree = SOURCE_ROOT; };
		86668322285E5C1C00B97D9B /* StaffViewController.swift */ = {isa = PBXFileReference; lastKnownFileType = sourcecode.swift; path = StaffViewController.swift; sourceTree = "<group>"; };
		86BA8912285A930200323B8C /* ONG-SomosMas.app */ = {isa = PBXFileReference; explicitFileType = wrapper.application; includeInIndex = 0; path = "ONG-SomosMas.app"; sourceTree = BUILT_PRODUCTS_DIR; };
		86BA8915285A930200323B8C /* AppDelegate.swift */ = {isa = PBXFileReference; lastKnownFileType = sourcecode.swift; path = AppDelegate.swift; sourceTree = "<group>"; };
		86BA8917285A930200323B8C /* SceneDelegate.swift */ = {isa = PBXFileReference; lastKnownFileType = sourcecode.swift; path = SceneDelegate.swift; sourceTree = "<group>"; };
		86BA8919285A930200323B8C /* ViewController.swift */ = {isa = PBXFileReference; lastKnownFileType = sourcecode.swift; path = ViewController.swift; sourceTree = "<group>"; };
		86BA891C285A930200323B8C /* Base */ = {isa = PBXFileReference; lastKnownFileType = file.storyboard; name = Base; path = Base.lproj/Main.storyboard; sourceTree = "<group>"; };
		86BA891E285A930400323B8C /* Assets.xcassets */ = {isa = PBXFileReference; lastKnownFileType = folder.assetcatalog; path = Assets.xcassets; sourceTree = "<group>"; };
		86BA8921285A930400323B8C /* Base */ = {isa = PBXFileReference; lastKnownFileType = file.storyboard; name = Base; path = Base.lproj/LaunchScreen.storyboard; sourceTree = "<group>"; };
		86BA8923285A930400323B8C /* Info.plist */ = {isa = PBXFileReference; lastKnownFileType = text.plist.xml; path = Info.plist; sourceTree = "<group>"; };
		86CE622D285BDE7B00E7D48B /* RegisterViewController.swift */ = {isa = PBXFileReference; lastKnownFileType = sourcecode.swift; path = RegisterViewController.swift; sourceTree = "<group>"; };
		86D73740285A95F500D03423 /* ONGServiceAPIRest.swift */ = {isa = PBXFileReference; lastKnownFileType = sourcecode.swift; path = ONGServiceAPIRest.swift; sourceTree = "<group>"; };
		86D73742285A965300D03423 /* DataClassResponse.swift */ = {isa = PBXFileReference; lastKnownFileType = sourcecode.swift; path = DataClassResponse.swift; sourceTree = "<group>"; };
		86D73744285A968A00D03423 /* ErrorsResponse.swift */ = {isa = PBXFileReference; lastKnownFileType = sourcecode.swift; path = ErrorsResponse.swift; sourceTree = "<group>"; };
		86D73746285A96B000D03423 /* RegistryResponse.swift */ = {isa = PBXFileReference; lastKnownFileType = sourcecode.swift; path = RegistryResponse.swift; sourceTree = "<group>"; };
		86D73748285A96D200D03423 /* UserResponse.swift */ = {isa = PBXFileReference; lastKnownFileType = sourcecode.swift; path = UserResponse.swift; sourceTree = "<group>"; };
		89DE1FE473F88AACF3900731 /* Pods-ONG-SomosMas.release.xcconfig */ = {isa = PBXFileReference; includeInIndex = 1; lastKnownFileType = text.xcconfig; name = "Pods-ONG-SomosMas.release.xcconfig"; path = "Target Support Files/Pods-ONG-SomosMas/Pods-ONG-SomosMas.release.xcconfig"; sourceTree = "<group>"; };
/* End PBXFileReference section */

/* Begin PBXFrameworksBuildPhase section */
		86BA890F285A930200323B8C /* Frameworks */ = {
			isa = PBXFrameworksBuildPhase;
			buildActionMask = 2147483647;
			files = (
				838802A80E82850C594BD6B1 /* Pods_ONG_SomosMas.framework in Frameworks */,
			);
			runOnlyForDeploymentPostprocessing = 0;
		};
/* End PBXFrameworksBuildPhase section */

/* Begin PBXGroup section */
		86BA8909285A930100323B8C = {
			isa = PBXGroup;
			children = (
				86BA8914285A930200323B8C /* ONG-SomosMas */,
				86BA8913285A930200323B8C /* Products */,
				E63DF5D5914B909A9170CC58 /* Pods */,
				DAA30F193D1B68EEF243FF91 /* Frameworks */,
			);
			sourceTree = "<group>";
		};
		86BA8913285A930200323B8C /* Products */ = {
			isa = PBXGroup;
			children = (
				86BA8912285A930200323B8C /* ONG-SomosMas.app */,
			);
			name = Products;
			sourceTree = "<group>";
		};
		86BA8914285A930200323B8C /* ONG-SomosMas */ = {
			isa = PBXGroup;
			children = (
				86D73750285A979000D03423 /* Enum */,
				86D7374F285A978800D03423 /* Model */,
				86D7374E285A977000D03423 /* Controler */,
				86D7374D285A976000D03423 /* Manager */,
				86D7374A285A973200D03423 /* UI */,
				86D7373F285A959A00D03423 /* Service */,
				86BA8915285A930200323B8C /* AppDelegate.swift */,
				86BA8917285A930200323B8C /* SceneDelegate.swift */,
				86BA8919285A930200323B8C /* ViewController.swift */,
				86BA891B285A930200323B8C /* Main.storyboard */,
				86BA891E285A930400323B8C /* Assets.xcassets */,
				86BA8920285A930400323B8C /* LaunchScreen.storyboard */,
				86BA8923285A930400323B8C /* Info.plist */,
			);
			path = "ONG-SomosMas";
			sourceTree = "<group>";
		};
		86D7373F285A959A00D03423 /* Service */ = {
			isa = PBXGroup;
			children = (
				86D73740285A95F500D03423 /* ONGServiceAPIRest.swift */,
				86D73742285A965300D03423 /* DataClassResponse.swift */,
				86D73744285A968A00D03423 /* ErrorsResponse.swift */,
				86D73746285A96B000D03423 /* RegistryResponse.swift */,
				86D73748285A96D200D03423 /* UserResponse.swift */,
				86598089285CCD7400D30573 /* DatumResponse.swift */,
				8659808B285CCD8F00D30573 /* TestimonialsResponse.swift */,
				8659808D285CCDA900D30573 /* NewsResponse.swift */,
				8659808F285CCDC300D30573 /* DatumNewsResponse.swift */,
			);
			path = Service;
			sourceTree = "<group>";
		};
		86D7374A285A973200D03423 /* UI */ = {
			isa = PBXGroup;
			children = (
				8666831E285E253D00B97D9B /* TestimonialsTableViewCell.swift */,
			);
			path = UI;
			sourceTree = "<group>";
		};
		86D7374D285A976000D03423 /* Manager */ = {
			isa = PBXGroup;
			children = (
			);
			path = Manager;
			sourceTree = "<group>";
		};
		86D7374E285A977000D03423 /* Controler */ = {
			isa = PBXGroup;
			children = (
				862F560A285BBBA2002E7CDC /* WelcomePageViewController.swift */,
				862F5608285BB979002E7CDC /* ContactoViewController.swift */,
				86CE622D285BDE7B00E7D48B /* RegisterViewController.swift */,
				86598087285CCC8E00D30573 /* LoginViewController.swift */,
				86598091285CCF1A00D30573 /* TestimonialsViewController.swift */,
				86668322285E5C1C00B97D9B /* StaffViewController.swift */,
			);
			path = Controler;
			sourceTree = "<group>";
		};
		86D7374F285A978800D03423 /* Model */ = {
			isa = PBXGroup;
			children = (
				86668320285E294700B97D9B /* Testimonial.swift */,
			);
			path = Model;
			sourceTree = "<group>";
		};
		86D73750285A979000D03423 /* Enum */ = {
			isa = PBXGroup;
			children = (
			);
			path = Enum;
			sourceTree = "<group>";
		};
		DAA30F193D1B68EEF243FF91 /* Frameworks */ = {
			isa = PBXGroup;
			children = (
				4393792DA5E98B4FAE5C09F8 /* Pods_ONG_SomosMas.framework */,
			);
			name = Frameworks;
			sourceTree = "<group>";
		};
		E63DF5D5914B909A9170CC58 /* Pods */ = {
			isa = PBXGroup;
			children = (
				5C33546CC3503DC4B46E4F89 /* Pods-ONG-SomosMas.debug.xcconfig */,
				89DE1FE473F88AACF3900731 /* Pods-ONG-SomosMas.release.xcconfig */,
			);
			path = Pods;
			sourceTree = "<group>";
		};
/* End PBXGroup section */

/* Begin PBXNativeTarget section */
		86BA8911285A930200323B8C /* ONG-SomosMas */ = {
			isa = PBXNativeTarget;
			buildConfigurationList = 86BA8926285A930400323B8C /* Build configuration list for PBXNativeTarget "ONG-SomosMas" */;
			buildPhases = (
				72C77B79D1695CBE4039C549 /* [CP] Check Pods Manifest.lock */,
				86BA890E285A930200323B8C /* Sources */,
				86BA890F285A930200323B8C /* Frameworks */,
				86BA8910285A930200323B8C /* Resources */,
				DF3DF78F3EC16D5485132FA2 /* [CP] Embed Pods Frameworks */,
			);
			buildRules = (
			);
			dependencies = (
			);
			name = "ONG-SomosMas";
			productName = "ONG-SomosMas";
			productReference = 86BA8912285A930200323B8C /* ONG-SomosMas.app */;
			productType = "com.apple.product-type.application";
		};
/* End PBXNativeTarget section */

/* Begin PBXProject section */
		86BA890A285A930100323B8C /* Project object */ = {
			isa = PBXProject;
			attributes = {
				BuildIndependentTargetsInParallel = 1;
				LastSwiftUpdateCheck = 1340;
				LastUpgradeCheck = 1340;
				TargetAttributes = {
					86BA8911285A930200323B8C = {
						CreatedOnToolsVersion = 13.4.1;
					};
				};
			};
			buildConfigurationList = 86BA890D285A930100323B8C /* Build configuration list for PBXProject "ONG-SomosMas" */;
			compatibilityVersion = "Xcode 13.0";
			developmentRegion = en;
			hasScannedForEncodings = 0;
			knownRegions = (
				en,
				Base,
			);
			mainGroup = 86BA8909285A930100323B8C;
			productRefGroup = 86BA8913285A930200323B8C /* Products */;
			projectDirPath = "";
			projectRoot = "";
			targets = (
				86BA8911285A930200323B8C /* ONG-SomosMas */,
			);
		};
/* End PBXProject section */

/* Begin PBXResourcesBuildPhase section */
		86BA8910285A930200323B8C /* Resources */ = {
			isa = PBXResourcesBuildPhase;
			buildActionMask = 2147483647;
			files = (
				86BA8922285A930400323B8C /* LaunchScreen.storyboard in Resources */,
				86BA891F285A930400323B8C /* Assets.xcassets in Resources */,
				86BA891D285A930200323B8C /* Main.storyboard in Resources */,
			);
			runOnlyForDeploymentPostprocessing = 0;
		};
/* End PBXResourcesBuildPhase section */

/* Begin PBXShellScriptBuildPhase section */
		72C77B79D1695CBE4039C549 /* [CP] Check Pods Manifest.lock */ = {
			isa = PBXShellScriptBuildPhase;
			buildActionMask = 2147483647;
			files = (
			);
			inputFileListPaths = (
			);
			inputPaths = (
				"${PODS_PODFILE_DIR_PATH}/Podfile.lock",
				"${PODS_ROOT}/Manifest.lock",
			);
			name = "[CP] Check Pods Manifest.lock";
			outputFileListPaths = (
			);
			outputPaths = (
				"$(DERIVED_FILE_DIR)/Pods-ONG-SomosMas-checkManifestLockResult.txt",
			);
			runOnlyForDeploymentPostprocessing = 0;
			shellPath = /bin/sh;
			shellScript = "diff \"${PODS_PODFILE_DIR_PATH}/Podfile.lock\" \"${PODS_ROOT}/Manifest.lock\" > /dev/null\nif [ $? != 0 ] ; then\n    # print error to STDERR\n    echo \"error: The sandbox is not in sync with the Podfile.lock. Run 'pod install' or update your CocoaPods installation.\" >&2\n    exit 1\nfi\n# This output is used by Xcode 'outputs' to avoid re-running this script phase.\necho \"SUCCESS\" > \"${SCRIPT_OUTPUT_FILE_0}\"\n";
			showEnvVarsInLog = 0;
		};
		DF3DF78F3EC16D5485132FA2 /* [CP] Embed Pods Frameworks */ = {
			isa = PBXShellScriptBuildPhase;
			buildActionMask = 2147483647;
			files = (
			);
			inputFileListPaths = (
				"${PODS_ROOT}/Target Support Files/Pods-ONG-SomosMas/Pods-ONG-SomosMas-frameworks-${CONFIGURATION}-input-files.xcfilelist",
			);
			name = "[CP] Embed Pods Frameworks";
			outputFileListPaths = (
				"${PODS_ROOT}/Target Support Files/Pods-ONG-SomosMas/Pods-ONG-SomosMas-frameworks-${CONFIGURATION}-output-files.xcfilelist",
			);
			runOnlyForDeploymentPostprocessing = 0;
			shellPath = /bin/sh;
			shellScript = "\"${PODS_ROOT}/Target Support Files/Pods-ONG-SomosMas/Pods-ONG-SomosMas-frameworks.sh\"\n";
			showEnvVarsInLog = 0;
		};
/* End PBXShellScriptBuildPhase section */

/* Begin PBXSourcesBuildPhase section */
		86BA890E285A930200323B8C /* Sources */ = {
			isa = PBXSourcesBuildPhase;
			buildActionMask = 2147483647;
			files = (
				86598088285CCC8E00D30573 /* LoginViewController.swift in Sources */,
				86D73747285A96B000D03423 /* RegistryResponse.swift in Sources */,
				8659808C285CCD8F00D30573 /* TestimonialsResponse.swift in Sources */,
				86BA891A285A930200323B8C /* ViewController.swift in Sources */,
				86BA8916285A930200323B8C /* AppDelegate.swift in Sources */,
				86598092285CCF1A00D30573 /* TestimonialsViewController.swift in Sources */,
				86CE622E285BDE7B00E7D48B /* RegisterViewController.swift in Sources */,
				8666831F285E253D00B97D9B /* TestimonialsTableViewCell.swift in Sources */,
				862F5609285BB979002E7CDC /* ContactoViewController.swift in Sources */,
				862F560B285BBBA2002E7CDC /* WelcomePageViewController.swift in Sources */,
				8659808A285CCD7400D30573 /* DatumResponse.swift in Sources */,
				86668321285E294700B97D9B /* Testimonial.swift in Sources */,
				86598090285CCDC300D30573 /* DatumNewsResponse.swift in Sources */,
				86D73749285A96D200D03423 /* UserResponse.swift in Sources */,
				86BA8918285A930200323B8C /* SceneDelegate.swift in Sources */,
				86668323285E5C1C00B97D9B /* StaffViewController.swift in Sources */,
				8659808E285CCDAA00D30573 /* NewsResponse.swift in Sources */,
				86D73741285A95F500D03423 /* ONGServiceAPIRest.swift in Sources */,
				86D73743285A965300D03423 /* DataClassResponse.swift in Sources */,
				86D73745285A968A00D03423 /* ErrorsResponse.swift in Sources */,
			);
			runOnlyForDeploymentPostprocessing = 0;
		};
/* End PBXSourcesBuildPhase section */

/* Begin PBXVariantGroup section */
		86BA891B285A930200323B8C /* Main.storyboard */ = {
			isa = PBXVariantGroup;
			children = (
				86BA891C285A930200323B8C /* Base */,
			);
			name = Main.storyboard;
			sourceTree = "<group>";
		};
		86BA8920285A930400323B8C /* LaunchScreen.storyboard */ = {
			isa = PBXVariantGroup;
			children = (
				86BA8921285A930400323B8C /* Base */,
			);
			name = LaunchScreen.storyboard;
			sourceTree = "<group>";
		};
/* End PBXVariantGroup section */

/* Begin XCBuildConfiguration section */
		86BA8924285A930400323B8C /* Debug */ = {
			isa = XCBuildConfiguration;
			buildSettings = {
				ALWAYS_SEARCH_USER_PATHS = NO;
				CLANG_ANALYZER_NONNULL = YES;
				CLANG_ANALYZER_NUMBER_OBJECT_CONVERSION = YES_AGGRESSIVE;
				CLANG_CXX_LANGUAGE_STANDARD = "gnu++17";
				CLANG_ENABLE_MODULES = YES;
				CLANG_ENABLE_OBJC_ARC = YES;
				CLANG_ENABLE_OBJC_WEAK = YES;
				CLANG_WARN_BLOCK_CAPTURE_AUTORELEASING = YES;
				CLANG_WARN_BOOL_CONVERSION = YES;
				CLANG_WARN_COMMA = YES;
				CLANG_WARN_CONSTANT_CONVERSION = YES;
				CLANG_WARN_DEPRECATED_OBJC_IMPLEMENTATIONS = YES;
				CLANG_WARN_DIRECT_OBJC_ISA_USAGE = YES_ERROR;
				CLANG_WARN_DOCUMENTATION_COMMENTS = YES;
				CLANG_WARN_EMPTY_BODY = YES;
				CLANG_WARN_ENUM_CONVERSION = YES;
				CLANG_WARN_INFINITE_RECURSION = YES;
				CLANG_WARN_INT_CONVERSION = YES;
				CLANG_WARN_NON_LITERAL_NULL_CONVERSION = YES;
				CLANG_WARN_OBJC_IMPLICIT_RETAIN_SELF = YES;
				CLANG_WARN_OBJC_LITERAL_CONVERSION = YES;
				CLANG_WARN_OBJC_ROOT_CLASS = YES_ERROR;
				CLANG_WARN_QUOTED_INCLUDE_IN_FRAMEWORK_HEADER = YES;
				CLANG_WARN_RANGE_LOOP_ANALYSIS = YES;
				CLANG_WARN_STRICT_PROTOTYPES = YES;
				CLANG_WARN_SUSPICIOUS_MOVE = YES;
				CLANG_WARN_UNGUARDED_AVAILABILITY = YES_AGGRESSIVE;
				CLANG_WARN_UNREACHABLE_CODE = YES;
				CLANG_WARN__DUPLICATE_METHOD_MATCH = YES;
				COPY_PHASE_STRIP = NO;
				DEBUG_INFORMATION_FORMAT = dwarf;
				ENABLE_STRICT_OBJC_MSGSEND = YES;
				ENABLE_TESTABILITY = YES;
				GCC_C_LANGUAGE_STANDARD = gnu11;
				GCC_DYNAMIC_NO_PIC = NO;
				GCC_NO_COMMON_BLOCKS = YES;
				GCC_OPTIMIZATION_LEVEL = 0;
				GCC_PREPROCESSOR_DEFINITIONS = (
					"DEBUG=1",
					"$(inherited)",
				);
				GCC_WARN_64_TO_32_BIT_CONVERSION = YES;
				GCC_WARN_ABOUT_RETURN_TYPE = YES_ERROR;
				GCC_WARN_UNDECLARED_SELECTOR = YES;
				GCC_WARN_UNINITIALIZED_AUTOS = YES_AGGRESSIVE;
				GCC_WARN_UNUSED_FUNCTION = YES;
				GCC_WARN_UNUSED_VARIABLE = YES;
				IPHONEOS_DEPLOYMENT_TARGET = 15.5;
				MTL_ENABLE_DEBUG_INFO = INCLUDE_SOURCE;
				MTL_FAST_MATH = YES;
				ONLY_ACTIVE_ARCH = YES;
				SDKROOT = iphoneos;
				SWIFT_ACTIVE_COMPILATION_CONDITIONS = DEBUG;
				SWIFT_OPTIMIZATION_LEVEL = "-Onone";
			};
			name = Debug;
		};
		86BA8925285A930400323B8C /* Release */ = {
			isa = XCBuildConfiguration;
			buildSettings = {
				ALWAYS_SEARCH_USER_PATHS = NO;
				CLANG_ANALYZER_NONNULL = YES;
				CLANG_ANALYZER_NUMBER_OBJECT_CONVERSION = YES_AGGRESSIVE;
				CLANG_CXX_LANGUAGE_STANDARD = "gnu++17";
				CLANG_ENABLE_MODULES = YES;
				CLANG_ENABLE_OBJC_ARC = YES;
				CLANG_ENABLE_OBJC_WEAK = YES;
				CLANG_WARN_BLOCK_CAPTURE_AUTORELEASING = YES;
				CLANG_WARN_BOOL_CONVERSION = YES;
				CLANG_WARN_COMMA = YES;
				CLANG_WARN_CONSTANT_CONVERSION = YES;
				CLANG_WARN_DEPRECATED_OBJC_IMPLEMENTATIONS = YES;
				CLANG_WARN_DIRECT_OBJC_ISA_USAGE = YES_ERROR;
				CLANG_WARN_DOCUMENTATION_COMMENTS = YES;
				CLANG_WARN_EMPTY_BODY = YES;
				CLANG_WARN_ENUM_CONVERSION = YES;
				CLANG_WARN_INFINITE_RECURSION = YES;
				CLANG_WARN_INT_CONVERSION = YES;
				CLANG_WARN_NON_LITERAL_NULL_CONVERSION = YES;
				CLANG_WARN_OBJC_IMPLICIT_RETAIN_SELF = YES;
				CLANG_WARN_OBJC_LITERAL_CONVERSION = YES;
				CLANG_WARN_OBJC_ROOT_CLASS = YES_ERROR;
				CLANG_WARN_QUOTED_INCLUDE_IN_FRAMEWORK_HEADER = YES;
				CLANG_WARN_RANGE_LOOP_ANALYSIS = YES;
				CLANG_WARN_STRICT_PROTOTYPES = YES;
				CLANG_WARN_SUSPICIOUS_MOVE = YES;
				CLANG_WARN_UNGUARDED_AVAILABILITY = YES_AGGRESSIVE;
				CLANG_WARN_UNREACHABLE_CODE = YES;
				CLANG_WARN__DUPLICATE_METHOD_MATCH = YES;
				COPY_PHASE_STRIP = NO;
				DEBUG_INFORMATION_FORMAT = "dwarf-with-dsym";
				ENABLE_NS_ASSERTIONS = NO;
				ENABLE_STRICT_OBJC_MSGSEND = YES;
				GCC_C_LANGUAGE_STANDARD = gnu11;
				GCC_NO_COMMON_BLOCKS = YES;
				GCC_WARN_64_TO_32_BIT_CONVERSION = YES;
				GCC_WARN_ABOUT_RETURN_TYPE = YES_ERROR;
				GCC_WARN_UNDECLARED_SELECTOR = YES;
				GCC_WARN_UNINITIALIZED_AUTOS = YES_AGGRESSIVE;
				GCC_WARN_UNUSED_FUNCTION = YES;
				GCC_WARN_UNUSED_VARIABLE = YES;
				IPHONEOS_DEPLOYMENT_TARGET = 15.5;
				MTL_ENABLE_DEBUG_INFO = NO;
				MTL_FAST_MATH = YES;
				SDKROOT = iphoneos;
				SWIFT_COMPILATION_MODE = wholemodule;
				SWIFT_OPTIMIZATION_LEVEL = "-O";
				VALIDATE_PRODUCT = YES;
			};
			name = Release;
		};
		86BA8927285A930400323B8C /* Debug */ = {
			isa = XCBuildConfiguration;
			baseConfigurationReference = 5C33546CC3503DC4B46E4F89 /* Pods-ONG-SomosMas.debug.xcconfig */;
			buildSettings = {
				ASSETCATALOG_COMPILER_APPICON_NAME = AppIcon;
				ASSETCATALOG_COMPILER_GLOBAL_ACCENT_COLOR_NAME = AccentColor;
				CODE_SIGN_STYLE = Automatic;
				CURRENT_PROJECT_VERSION = 1;
				DEVELOPMENT_TEAM = L9G7SWK945;
				GENERATE_INFOPLIST_FILE = YES;
				INFOPLIST_FILE = "ONG-SomosMas/Info.plist";
				INFOPLIST_KEY_UIApplicationSupportsIndirectInputEvents = YES;
				INFOPLIST_KEY_UILaunchStoryboardName = LaunchScreen;
				INFOPLIST_KEY_UIMainStoryboardFile = Main;
				INFOPLIST_KEY_UISupportedInterfaceOrientations_iPad = "UIInterfaceOrientationPortrait UIInterfaceOrientationPortraitUpsideDown UIInterfaceOrientationLandscapeLeft UIInterfaceOrientationLandscapeRight";
				INFOPLIST_KEY_UISupportedInterfaceOrientations_iPhone = "UIInterfaceOrientationPortrait UIInterfaceOrientationLandscapeLeft UIInterfaceOrientationLandscapeRight";
				LD_RUNPATH_SEARCH_PATHS = (
					"$(inherited)",
					"@executable_path/Frameworks",
				);
				MARKETING_VERSION = 1.0;
				PRODUCT_BUNDLE_IDENTIFIER = "com.accenture.ACC-iOS2.ONG-SomosMas";
				PRODUCT_NAME = "$(TARGET_NAME)";
				SWIFT_EMIT_LOC_STRINGS = YES;
				SWIFT_VERSION = 5.0;
				TARGETED_DEVICE_FAMILY = "1,2";
			};
			name = Debug;
		};
		86BA8928285A930400323B8C /* Release */ = {
			isa = XCBuildConfiguration;
			baseConfigurationReference = 89DE1FE473F88AACF3900731 /* Pods-ONG-SomosMas.release.xcconfig */;
			buildSettings = {
				ASSETCATALOG_COMPILER_APPICON_NAME = AppIcon;
				ASSETCATALOG_COMPILER_GLOBAL_ACCENT_COLOR_NAME = AccentColor;
				CODE_SIGN_STYLE = Automatic;
				CURRENT_PROJECT_VERSION = 1;
				DEVELOPMENT_TEAM = L9G7SWK945;
				GENERATE_INFOPLIST_FILE = YES;
				INFOPLIST_FILE = "ONG-SomosMas/Info.plist";
				INFOPLIST_KEY_UIApplicationSupportsIndirectInputEvents = YES;
				INFOPLIST_KEY_UILaunchStoryboardName = LaunchScreen;
				INFOPLIST_KEY_UIMainStoryboardFile = Main;
				INFOPLIST_KEY_UISupportedInterfaceOrientations_iPad = "UIInterfaceOrientationPortrait UIInterfaceOrientationPortraitUpsideDown UIInterfaceOrientationLandscapeLeft UIInterfaceOrientationLandscapeRight";
				INFOPLIST_KEY_UISupportedInterfaceOrientations_iPhone = "UIInterfaceOrientationPortrait UIInterfaceOrientationLandscapeLeft UIInterfaceOrientationLandscapeRight";
				LD_RUNPATH_SEARCH_PATHS = (
					"$(inherited)",
					"@executable_path/Frameworks",
				);
				MARKETING_VERSION = 1.0;
				PRODUCT_BUNDLE_IDENTIFIER = "com.accenture.ACC-iOS2.ONG-SomosMas";
				PRODUCT_NAME = "$(TARGET_NAME)";
				SWIFT_EMIT_LOC_STRINGS = YES;
				SWIFT_VERSION = 5.0;
				TARGETED_DEVICE_FAMILY = "1,2";
			};
			name = Release;
		};
/* End XCBuildConfiguration section */

/* Begin XCConfigurationList section */
		86BA890D285A930100323B8C /* Build configuration list for PBXProject "ONG-SomosMas" */ = {
			isa = XCConfigurationList;
			buildConfigurations = (
				86BA8924285A930400323B8C /* Debug */,
				86BA8925285A930400323B8C /* Release */,
			);
			defaultConfigurationIsVisible = 0;
			defaultConfigurationName = Release;
		};
		86BA8926285A930400323B8C /* Build configuration list for PBXNativeTarget "ONG-SomosMas" */ = {
			isa = XCConfigurationList;
			buildConfigurations = (
				86BA8927285A930400323B8C /* Debug */,
				86BA8928285A930400323B8C /* Release */,
			);
			defaultConfigurationIsVisible = 0;
			defaultConfigurationName = Release;
		};
/* End XCConfigurationList section */
	};
	rootObject = 86BA890A285A930100323B8C /* Project object */;
}
